
Microsoft Visual Studio Solution File, Format Version 12.00
# Visual Studio Version 17
VisualStudioVersion = 17.10.35004.147
MinimumVisualStudioVersion = 10.0.40219.1
Project("{FAE04EC0-301F-11D3-BF4B-00C04F79EFBC}") = "OpenTap.Qualcomm.PllLoop", "OpenTap.Qualcomm.PllLoop\OpenTap.Qualcomm.PllLoop.csproj", "{B2B291A6-18FD-4208-83E3-6930E5C99B52}"
EndProject
Global
	GlobalSection(SolutionConfigurationPlatforms) = preSolution
		Debug|Any CPU = Debug|Any CPU
		Release|Any CPU = Release|Any CPU
	EndGlobalSection
	GlobalSection(ProjectConfigurationPlatforms) = postSolution
		{B2B291A6-18FD-4208-83E3-6930E5C99B52}.Debug|Any CPU.ActiveCfg = Debug|Any CPU
		{B2B291A6-18FD-4208-83E3-6930E5C99B52}.Debug|Any CPU.Build.0 = Debug|Any CPU
		{B2B291A6-18FD-4208-83E3-6930E5C99B52}.Release|Any CPU.ActiveCfg = Release|Any CPU
		{B2B291A6-18FD-4208-83E3-6930E5C99B52}.Release|Any CPU.Build.0 = Release|Any CPU
	EndGlobalSection
	GlobalSection(SolutionProperties) = preSolution
		HideSolutionNode = FALSE
	EndGlobalSection
	GlobalSection(ExtensibilityGlobals) = postSolution
		SolutionGuid = {FF1D8EC2-9323-4A24-928B-5D17156B606A}
	EndGlobalSection
EndGlobal
